<?xml version="1.0" encoding="utf-8"?>
<Project ToolsVersion="4.0" xmlns="http://schemas.microsoft.com/developer/msbuild/2003">
  <ItemGroup>
    <Filter Include="Source Files">
      <UniqueIdentifier>{4FC737F1-C7A5-4376-A066-2A32D752A2FF}</UniqueIdentifier>
      <Extensions>cpp;c;cc;cxx;c++;cppm;ixx;def;odl;idl;hpj;bat;asm;asmx</Extensions>
    </Filter>
    <Filter Include="Header Files">
      <UniqueIdentifier>{93995380-89BD-4b04-88EB-625FBE52EBFB}</UniqueIdentifier>
      <Extensions>h;hh;hpp;hxx;h++;hm;inl;inc;ipp;xsd</Extensions>
    </Filter>
    <Filter Include="Resource Files">
      <UniqueIdentifier>{67DA6AB6-F800-4c08-8B7A-83BB121AAD01}</UniqueIdentifier>
      <Extensions>rc;ico;cur;bmp;dlg;rc2;rct;bin;rgs;gif;jpg;jpeg;jpe;resx;tiff;tif;png;wav;mfcribbon-ms</Extensions>
    </Filter>
  </ItemGroup>
  <ItemGroup>
    <ClCompile Include="src\at4block.cpp">
      <Filter>Source Files</Filter>
    </ClCompile>
    <ClCompile Include="src\bigbuffer.cpp">
      <Filter>Source Files</Filter>
    </ClCompile>
    <ClCompile Include="src\blockproperty.cpp">
      <Filter>Source Files</Filter>
    </ClCompile>
    <ClCompile Include="src\ca4block.cpp">
      <Filter>Source Files</Filter>
    </ClCompile>
    <ClCompile Include="src\cc3block.cpp">
      <Filter>Source Files</Filter>
    </ClCompile>
    <ClCompile Include="src\cc4block.cpp">
      <Filter>Source Files</Filter>
    </ClCompile>
    <ClCompile Include="src\cd3block.cpp">
      <Filter>Source Files</Filter>
    </ClCompile>
    <ClCompile Include="src\ce3block.cpp">
      <Filter>Source Files</Filter>
    </ClCompile>
    <ClCompile Include="src\cg3block.cpp">
      <Filter>Source Files</Filter>
    </ClCompile>
    <ClCompile Include="src\cg4block.cpp">
      <Filter>Source Files</Filter>
    </ClCompile>
    <ClCompile Include="src\ch4block.cpp">
      <Filter>Source Files</Filter>
    </ClCompile>
    <ClCompile Include="src\channelobserver.cpp">
      <Filter>Source Files</Filter>
    </ClCompile>
    <ClCompile Include="src\cn3block.cpp">
      <Filter>Source Files</Filter>
    </ClCompile>
    <ClCompile Include="src\cn4block.cpp">
      <Filter>Source Files</Filter>
    </ClCompile>
    <ClCompile Include="src\cryptoutil.cpp">
      <Filter>Source Files</Filter>
    </ClCompile>
    <ClCompile Include="src\datablock.cpp">
      <Filter>Source Files</Filter>
    </ClCompile>
    <ClCompile Include="src\datalistblock.cpp">
      <Filter>Source Files</Filter>
    </ClCompile>
    <ClCompile Include="src\dg3block.cpp">
      <Filter>Source Files</Filter>
    </ClCompile>
    <ClCompile Include="src\dg4block.cpp">
      <Filter>Source Files</Filter>
    </ClCompile>
    <ClCompile Include="src\di4block.cpp">
      <Filter>Source Files</Filter>
    </ClCompile>
    <ClCompile Include="src\dl4block.cpp">
      <Filter>Source Files</Filter>
    </ClCompile>
    <ClCompile Include="src\dt3block.cpp">
      <Filter>Source Files</Filter>
    </ClCompile>
    <ClCompile Include="src\dt4block.cpp">
      <Filter>Source Files</Filter>
    </ClCompile>
    <ClCompile Include="src\dv4block.cpp">
      <Filter>Source Files</Filter>
    </ClCompile>
    <ClCompile Include="src\dz4block.cpp">
      <Filter>Source Files</Filter>
    </ClCompile>
    <ClCompile Include="src\etag.cpp">
      <Filter>Source Files</Filter>
    </ClCompile>
    <ClCompile Include="src\ev4block.cpp">
      <Filter>Source Files</Filter>
    </ClCompile>
    <ClCompile Include="src\expatxml.cpp">
      <Filter>Source Files</Filter>
    </ClCompile>
    <ClCompile Include="src\fh4block.cpp">
      <Filter>Source Files</Filter>
    </ClCompile>
    <ClCompile Include="src\hd3block.cpp">
      <Filter>Source Files</Filter>
    </ClCompile>
    <ClCompile Include="src\hd4block.cpp">
      <Filter>Source Files</Filter>
    </ClCompile>
    <ClCompile Include="src\hl4block.cpp">
      <Filter>Source Files</Filter>
    </ClCompile>
    <ClCompile Include="src\iattachment.cpp">
      <Filter>Source Files</Filter>
    </ClCompile>
    <ClCompile Include="src\iblock.cpp">
      <Filter>Source Files</Filter>
    </ClCompile>
    <ClCompile Include="src\ichannel.cpp">
      <Filter>Source Files</Filter>
    </ClCompile>
    <ClCompile Include="src\ichannelarray.cpp">
      <Filter>Source Files</Filter>
    </ClCompile>
    <ClCompile Include="src\ichannelconversion.cpp">
      <Filter>Source Files</Filter>
    </ClCompile>
    <ClCompile Include="src\ichannelgroup.cpp">
      <Filter>Source Files</Filter>
    </ClCompile>
    <ClCompile Include="src\ichannelhierarchy.cpp">
      <Filter>Source Files</Filter>
    </ClCompile>
    <ClCompile Include="src\ichannelobserver.cpp">
      <Filter>Source Files</Filter>
    </ClCompile>
    <ClCompile Include="src\idatagroup.cpp">
      <Filter>Source Files</Filter>
    </ClCompile>
    <ClCompile Include="src\idblock.cpp">
      <Filter>Source Files</Filter>
    </ClCompile>
    <ClCompile Include="src\ievent.cpp">
      <Filter>Source Files</Filter>
    </ClCompile>
    <ClCompile Include="src\ifilehistory.cpp">
      <Filter>Source Files</Filter>
    </ClCompile>
    <ClCompile Include="src\iheader.cpp">
      <Filter>Source Files</Filter>
    </ClCompile>
    <ClCompile Include="src\imetadata.cpp">
      <Filter>Source Files</Filter>
    </ClCompile>
    <ClCompile Include="src\isourceinformation.cpp">
      <Filter>Source Files</Filter>
    </ClCompile>
    <ClCompile Include="src\ixmlfile.cpp">
      <Filter>Source Files</Filter>
    </ClCompile>
    <ClCompile Include="src\ixmlnode.cpp">
      <Filter>Source Files</Filter>
    </ClCompile>
    <ClCompile Include="src\ld4block.cpp">
      <Filter>Source Files</Filter>
    </ClCompile>
    <ClCompile Include="src\littlebuffer.cpp">
      <Filter>Source Files</Filter>
    </ClCompile>
    <ClCompile Include="src\md4block.cpp">
      <Filter>Source Files</Filter>
    </ClCompile>
    <ClCompile Include="src\mdf3file.cpp">
      <Filter>Source Files</Filter>
    </ClCompile>
    <ClCompile Include="src\mdf3writer.cpp">
      <Filter>Source Files</Filter>
    </ClCompile>
    <ClCompile Include="src\mdf4file.cpp">
      <Filter>Source Files</Filter>
    </ClCompile>
    <ClCompile Include="src\mdf4timestamp.cpp">
      <Filter>Source Files</Filter>
    </ClCompile>
    <ClCompile Include="src\mdf4writer.cpp">
      <Filter>Source Files</Filter>
    </ClCompile>
    <ClCompile Include="src\mdffactory.cpp">
      <Filter>Source Files</Filter>
    </ClCompile>
    <ClCompile Include="src\mdffile.cpp">
      <Filter>Source Files</Filter>
    </ClCompile>
    <ClCompile Include="src\mdfhelper.cpp">
      <Filter>Source Files</Filter>
    </ClCompile>
    <ClCompile Include="src\mdflogstream.cpp">
      <Filter>Source Files</Filter>
    </ClCompile>
    <ClCompile Include="src\mdfreader.cpp">
      <Filter>Source Files</Filter>
    </ClCompile>
    <ClCompile Include="src\mdfwriter.cpp">
      <Filter>Source Files</Filter>
    </ClCompile>
    <ClCompile Include="src\platform.cpp">
      <Filter>Source Files</Filter>
    </ClCompile>
    <ClCompile Include="src\pr3block.cpp">
      <Filter>Source Files</Filter>
    </ClCompile>
    <ClCompile Include="src\rd4block.cpp">
      <Filter>Source Files</Filter>
    </ClCompile>
    <ClCompile Include="src\ri4block.cpp">
      <Filter>Source Files</Filter>
    </ClCompile>
    <ClCompile Include="src\rv4block.cpp">
      <Filter>Source Files</Filter>
    </ClCompile>
    <ClCompile Include="src\sd4block.cpp">
      <Filter>Source Files</Filter>
    </ClCompile>
    <ClCompile Include="src\si4block.cpp">
      <Filter>Source Files</Filter>
    </ClCompile>
    <ClCompile Include="src\sr3block.cpp">
      <Filter>Source Files</Filter>
    </ClCompile>
    <ClCompile Include="src\sr4block.cpp">
      <Filter>Source Files</Filter>
    </ClCompile>
    <ClCompile Include="src\tr3block.cpp">
      <Filter>Source Files</Filter>
    </ClCompile>
    <ClCompile Include="src\tx3block.cpp">
      <Filter>Source Files</Filter>
    </ClCompile>
    <ClCompile Include="src\tx4block.cpp">
      <Filter>Source Files</Filter>
    </ClCompile>
    <ClCompile Include="src\writexml.cpp">
      <Filter>Source Files</Filter>
    </ClCompile>
    <ClCompile Include="src\xmlnode.cpp">
      <Filter>Source Files</Filter>
    </ClCompile>
    <ClCompile Include="src\zlibutil.cpp">
      <Filter>Source Files</Filter>
    </ClCompile>
    <ClCompile Include="src\canmessage.cpp">
      <Filter>Source Files</Filter>
    </ClCompile>
    <ClCompile Include="src\mdfbuslogger.cpp">
      <Filter>Source Files</Filter>
    </ClCompile>
    <ClCompile Include="src\vlsddata.cpp">
      <Filter>Source Files</Filter>
    </ClCompile>
    <ClCompile Include="src\mdfblock.cpp">
      <Filter>Source Files</Filter>
    </ClCompile>
    <ClCompile Include="src\dbchelper.cpp">
      <Filter>Source Files</Filter>
    </ClCompile>
    <ClCompile Include="src\isampleobserver.cpp">
      <Filter>Source Files</Filter>
    </ClCompile>
    <ClCompile Include="src\isamplereduction.cpp">
      <Filter>Source Files</Filter>
    </ClCompile>
    <ClCompile Include="src\readcache.cpp">
      <Filter>Source Files</Filter>
    </ClCompile>
    <ClCompile Include="src\cgrange.cpp">
      <Filter>Source Files</Filter>
    </ClCompile>
    <ClCompile Include="src\dgrange.cpp">
      <Filter>Source Files</Filter>
    </ClCompile>
    <ClCompile Include="src\mdfconverter.cpp">
      <Filter>Source Files</Filter>
    </ClCompile>
    <ClCompile Include="src\mdf3timestamp.cpp">
      <Filter>Source Files</Filter>
    </ClCompile>
    <ClCompile Include="src\timestamp.cpp">
      <Filter>Source Files</Filter>
    </ClCompile>
    <ClCompile Include="src\linconfigadapter.cpp">
      <Filter>Source Files</Filter>
    </ClCompile>
    <ClCompile Include="src\linmessage.cpp">
      <Filter>Source Files</Filter>
    </ClCompile>
    <ClCompile Include="src\ethconfigadapter.cpp">
      <Filter>Source Files</Filter>
    </ClCompile>
    <ClCompile Include="src\ethmessage.cpp">
      <Filter>Source Files</Filter>
    </ClCompile>
    <ClCompile Include="src\convertersamplequeue.cpp">
      <Filter>Source Files</Filter>
    </ClCompile>
    <ClCompile Include="src\samplequeue.cpp">
      <Filter>Source Files</Filter>
    </ClCompile>
    <ClCompile Include="src\writer4samplequeue.cpp">
      <Filter>Source Files</Filter>
    </ClCompile>
    <ClCompile Include="src\writecache.cpp">
      <Filter>Source Files</Filter>
    </ClCompile>
    <ClCompile Include="src\atcomment.cpp">
      <Filter>Source Files</Filter>
    </ClCompile>
    <ClCompile Include="src\cccomment.cpp">
      <Filter>Source Files</Filter>
    </ClCompile>
    <ClCompile Include="src\ccunit.cpp">
      <Filter>Source Files</Filter>
    </ClCompile>
    <ClCompile Include="src\cgcomment.cpp">
      <Filter>Source Files</Filter>
    </ClCompile>
    <ClCompile Include="src\chcomment.cpp">
      <Filter>Source Files</Filter>
    </ClCompile>
    <ClCompile Include="src\cncomment.cpp">
      <Filter>Source Files</Filter>
    </ClCompile>
    <ClCompile Include="src\cnunit.cpp">
      <Filter>Source Files</Filter>
    </ClCompile>
    <ClCompile Include="src\dgcomment.cpp">
      <Filter>Source Files</Filter>
    </ClCompile>
    <ClCompile Include="src\evcomment.cpp">
      <Filter>Source Files</Filter>
    </ClCompile>
    <ClCompile Include="src\fhcomment.cpp">
      <Filter>Source Files</Filter>
    </ClCompile>
    <ClCompile Include="src\hdcomment.cpp">
      <Filter>Source Files</Filter>
    </ClCompile>
    <ClCompile Include="src\hoadmindata.cpp">
      <Filter>Source Files</Filter>
    </ClCompile>
    <ClCompile Include="src\hocompumethod.cpp">
      <Filter>Source Files</Filter>
    </ClCompile>
    <ClCompile Include="src\hocompuscale.cpp">
      <Filter>Source Files</Filter>
    </ClCompile>
    <ClCompile Include="src\hoenumerates.cpp">
      <Filter>Source Files</Filter>
    </ClCompile>
    <ClCompile Include="src\hointerval.cpp">
      <Filter>Source Files</Filter>
    </ClCompile>
    <ClCompile Include="src\honamedetails.cpp">
      <Filter>Source Files</Filter>
    </ClCompile>
    <ClCompile Include="src\hophysicaldimension.cpp">
      <Filter>Source Files</Filter>
    </ClCompile>
    <ClCompile Include="src\horevision.cpp">
      <Filter>Source Files</Filter>
    </ClCompile>
    <ClCompile Include="src\hoscaleconstraint.cpp">
      <Filter>Source Files</Filter>
    </ClCompile>
    <ClCompile Include="src\hounit.cpp">
      <Filter>Source Files</Filter>
    </ClCompile>
    <ClCompile Include="src\hounitgroup.cpp">
      <Filter>Source Files</Filter>
    </ClCompile>
    <ClCompile Include="src\hounitspecification.cpp">
      <Filter>Source Files</Filter>
    </ClCompile>
    <ClCompile Include="src\mdalternativename.cpp">
      <Filter>Source Files</Filter>
    </ClCompile>
    <ClCompile Include="src\mdcomment.cpp">
      <Filter>Source Files</Filter>
    </ClCompile>
    <ClCompile Include="src\mdenumerate.cpp">
      <Filter>Source Files</Filter>
    </ClCompile>
    <ClCompile Include="src\mdextension.cpp">
      <Filter>Source Files</Filter>
    </ClCompile>
    <ClCompile Include="src\mdlist.cpp">
      <Filter>Source Files</Filter>
    </ClCompile>
    <ClCompile Include="src\mdnumber.cpp">
      <Filter>Source Files</Filter>
    </ClCompile>
    <ClCompile Include="src\mdproperty.cpp">
      <Filter>Source Files</Filter>
    </ClCompile>
    <ClCompile Include="src\mdstandardattribute.cpp">
      <Filter>Source Files</Filter>
    </ClCompile>
    <ClCompile Include="src\mdstring.cpp">
      <Filter>Source Files</Filter>
    </ClCompile>
    <ClCompile Include="src\mdsyntax.cpp">
      <Filter>Source Files</Filter>
    </ClCompile>
    <ClCompile Include="src\mdvariable.cpp">
      <Filter>Source Files</Filter>
    </ClCompile>
    <ClCompile Include="src\sicomment.cpp">
      <Filter>Source Files</Filter>
    </ClCompile>
    <ClCompile Include="src\mdformula.cpp">
      <Filter>Source Files</Filter>
    </ClCompile>
    <ClCompile Include="src\canconfigadapter.cpp">
      <Filter>Source Files</Filter>
    </ClCompile>
    <ClCompile Include="src\iconfigadapter.cpp">
      <Filter>Source Files</Filter>
    </ClCompile>
    <ClCompile Include="src\mdfenumerates.cpp">
      <Filter>Source Files</Filter>
    </ClCompile>
    <ClCompile Include="src\mostconfigadapter.cpp">
      <Filter>Source Files</Filter>
    </ClCompile>
    <ClCompile Include="src\mostmessage.cpp">
      <Filter>Source Files</Filter>
    </ClCompile>
    <ClCompile Include="src\flexrayconfigadapter.cpp">
      <Filter>Source Files</Filter>
    </ClCompile>
    <ClCompile Include="src\flexraymessage.cpp">
      <Filter>Source Files</Filter>
    </ClCompile>
  </ItemGroup>
  <ItemGroup>
    <ClInclude Include="src\at4block.h">
      <Filter>Source Files</Filter>
    </ClInclude>
    <ClInclude Include="src\bigbuffer.h">
      <Filter>Source Files</Filter>
    </ClInclude>
    <ClInclude Include="src\blockproperty.h">
      <Filter>Source Files</Filter>
    </ClInclude>
    <ClInclude Include="src\ca4block.h">
      <Filter>Source Files</Filter>
    </ClInclude>
    <ClInclude Include="src\cc3block.h">
      <Filter>Source Files</Filter>
    </ClInclude>
    <ClInclude Include="src\cc4block.h">
      <Filter>Source Files</Filter>
    </ClInclude>
    <ClInclude Include="src\cd3block.h">
      <Filter>Source Files</Filter>
    </ClInclude>
    <ClInclude Include="src\ce3block.h">
      <Filter>Source Files</Filter>
    </ClInclude>
    <ClInclude Include="src\cg3block.h">
      <Filter>Source Files</Filter>
    </ClInclude>
    <ClInclude Include="src\cg4block.h">
      <Filter>Source Files</Filter>
    </ClInclude>
    <ClInclude Include="src\ch4block.h">
      <Filter>Source Files</Filter>
    </ClInclude>
    <ClInclude Include="src\channelobserver.h">
      <Filter>Source Files</Filter>
    </ClInclude>
    <ClInclude Include="src\cn3block.h">
      <Filter>Source Files</Filter>
    </ClInclude>
    <ClInclude Include="src\cn4block.h">
      <Filter>Source Files</Filter>
    </ClInclude>
    <ClInclude Include="src\datablock.h">
      <Filter>Source Files</Filter>
    </ClInclude>
    <ClInclude Include="src\datalistblock.h">
      <Filter>Source Files</Filter>
    </ClInclude>
    <ClInclude Include="src\dg3block.h">
      <Filter>Source Files</Filter>
    </ClInclude>
    <ClInclude Include="src\dg4block.h">
      <Filter>Source Files</Filter>
    </ClInclude>
    <ClInclude Include="src\di4block.h">
      <Filter>Source Files</Filter>
    </ClInclude>
    <ClInclude Include="src\dl4block.h">
      <Filter>Source Files</Filter>
    </ClInclude>
    <ClInclude Include="src\dt3block.h">
      <Filter>Source Files</Filter>
    </ClInclude>
    <ClInclude Include="src\dt4block.h">
      <Filter>Source Files</Filter>
    </ClInclude>
    <ClInclude Include="src\dv4block.h">
      <Filter>Source Files</Filter>
    </ClInclude>
    <ClInclude Include="src\dz4block.h">
      <Filter>Source Files</Filter>
    </ClInclude>
    <ClInclude Include="src\ev4block.h">
      <Filter>Source Files</Filter>
    </ClInclude>
    <ClInclude Include="src\expatxml.h">
      <Filter>Source Files</Filter>
    </ClInclude>
    <ClInclude Include="src\fh4block.h">
      <Filter>Source Files</Filter>
    </ClInclude>
    <ClInclude Include="src\half.hpp">
      <Filter>Source Files</Filter>
    </ClInclude>
    <ClInclude Include="src\hd3block.h">
      <Filter>Source Files</Filter>
    </ClInclude>
    <ClInclude Include="src\hd4block.h">
      <Filter>Source Files</Filter>
    </ClInclude>
    <ClInclude Include="src\hl4block.h">
      <Filter>Source Files</Filter>
    </ClInclude>
    <ClInclude Include="src\idblock.h">
      <Filter>Source Files</Filter>
    </ClInclude>
    <ClInclude Include="src\ixmlfile.h">
      <Filter>Source Files</Filter>
    </ClInclude>
    <ClInclude Include="src\ixmlnode.h">
      <Filter>Source Files</Filter>
    </ClInclude>
    <ClInclude Include="src\ld4block.h">
      <Filter>Source Files</Filter>
    </ClInclude>
    <ClInclude Include="src\littlebuffer.h">
      <Filter>Source Files</Filter>
    </ClInclude>
    <ClInclude Include="src\md4block.h">
      <Filter>Source Files</Filter>
    </ClInclude>
    <ClInclude Include="src\mdf3file.h">
      <Filter>Source Files</Filter>
    </ClInclude>
    <ClInclude Include="src\mdf3writer.h">
      <Filter>Source Files</Filter>
    </ClInclude>
    <ClInclude Include="src\mdf4file.h">
      <Filter>Source Files</Filter>
    </ClInclude>
    <ClInclude Include="src\mdf4timestamp.h">
      <Filter>Source Files</Filter>
    </ClInclude>
    <ClInclude Include="src\mdf4writer.h">
      <Filter>Source Files</Filter>
    </ClInclude>
    <ClInclude Include="src\platform.h">
      <Filter>Source Files</Filter>
    </ClInclude>
    <ClInclude Include="src\pr3block.h">
      <Filter>Source Files</Filter>
    </ClInclude>
    <ClInclude Include="src\rd4block.h">
      <Filter>Source Files</Filter>
    </ClInclude>
    <ClInclude Include="src\ri4block.h">
      <Filter>Source Files</Filter>
    </ClInclude>
    <ClInclude Include="src\rv4block.h">
      <Filter>Source Files</Filter>
    </ClInclude>
    <ClInclude Include="src\sd4block.h">
      <Filter>Source Files</Filter>
    </ClInclude>
    <ClInclude Include="src\si4block.h">
      <Filter>Source Files</Filter>
    </ClInclude>
    <ClInclude Include="src\sr3block.h">
      <Filter>Source Files</Filter>
    </ClInclude>
    <ClInclude Include="src\sr4block.h">
      <Filter>Source Files</Filter>
    </ClInclude>
    <ClInclude Include="src\tr3block.h">
      <Filter>Source Files</Filter>
    </ClInclude>
    <ClInclude Include="src\tx3block.h">
      <Filter>Source Files</Filter>
    </ClInclude>
    <ClInclude Include="src\tx4block.h">
      <Filter>Source Files</Filter>
    </ClInclude>
    <ClInclude Include="src\writexml.h">
      <Filter>Source Files</Filter>
    </ClInclude>
    <ClInclude Include="src\xmlnode.h">
      <Filter>Source Files</Filter>
    </ClInclude>
    <ClInclude Include="..\include\mdf\cryptoutil.h">
      <Filter>Header Files</Filter>
    </ClInclude>
    <ClInclude Include="..\include\mdf\etag.h">
      <Filter>Header Files</Filter>
    </ClInclude>
    <ClInclude Include="..\include\mdf\iattachment.h">
      <Filter>Header Files</Filter>
    </ClInclude>
    <ClInclude Include="..\include\mdf\iblock.h">
      <Filter>Header Files</Filter>
    </ClInclude>
    <ClInclude Include="..\include\mdf\ichannel.h">
      <Filter>Header Files</Filter>
    </ClInclude>
    <ClInclude Include="..\include\mdf\ichannelarray.h">
      <Filter>Header Files</Filter>
    </ClInclude>
    <ClInclude Include="..\include\mdf\ichannelconversion.h">
      <Filter>Header Files</Filter>
    </ClInclude>
    <ClInclude Include="..\include\mdf\ichannelgroup.h">
      <Filter>Header Files</Filter>
    </ClInclude>
    <ClInclude Include="..\include\mdf\ichannelhierarchy.h">
      <Filter>Header Files</Filter>
    </ClInclude>
    <ClInclude Include="..\include\mdf\ichannelobserver.h">
      <Filter>Header Files</Filter>
    </ClInclude>
    <ClInclude Include="..\include\mdf\idatagroup.h">
      <Filter>Header Files</Filter>
    </ClInclude>
    <ClInclude Include="..\include\mdf\ievent.h">
      <Filter>Header Files</Filter>
    </ClInclude>
    <ClInclude Include="..\include\mdf\ifilehistory.h">
      <Filter>Header Files</Filter>
    </ClInclude>
    <ClInclude Include="..\include\mdf\iheader.h">
      <Filter>Header Files</Filter>
    </ClInclude>
    <ClInclude Include="..\include\mdf\imetadata.h">
      <Filter>Header Files</Filter>
    </ClInclude>
    <ClInclude Include="..\include\mdf\isampleobserver.h">
      <Filter>Header Files</Filter>
    </ClInclude>
    <ClInclude Include="..\include\mdf\isourceinformation.h">
      <Filter>Header Files</Filter>
    </ClInclude>
    <ClInclude Include="src\mdfblock.h">
      <Filter>Header Files</Filter>
    </ClInclude>
    <ClInclude Include="..\include\mdf\mdffactory.h">
      <Filter>Header Files</Filter>
    </ClInclude>
    <ClInclude Include="..\include\mdf\mdffile.h">
      <Filter>Header Files</Filter>
    </ClInclude>
    <ClInclude Include="..\include\mdf\mdfhelper.h">
      <Filter>Header Files</Filter>
    </ClInclude>
    <ClInclude Include="..\include\mdf\mdflogstream.h">
      <Filter>Header Files</Filter>
    </ClInclude>
    <ClInclude Include="..\include\mdf\mdfreader.h">
      <Filter>Header Files</Filter>
    </ClInclude>
    <ClInclude Include="..\include\mdf\mdfwriter.h">
      <Filter>Header Files</Filter>
    </ClInclude>
    <ClInclude Include="..\include\mdf\samplerecord.h">
      <Filter>Header Files</Filter>
    </ClInclude>
    <ClInclude Include="src\vlsddata.h">
      <Filter>Header Files</Filter>
    </ClInclude>
    <ClInclude Include="..\include\mdf\zlibutil.h">
      <Filter>Header Files</Filter>
    </ClInclude>
    <ClInclude Include="..\include\mdf\canmessage.h">
      <Filter>Header Files</Filter>
    </ClInclude>
    <ClInclude Include="src\mdfbuslogger.h">
      <Filter>Source Files</Filter>
    </ClInclude>
    <ClInclude Include="src\dbchelper.h">
      <Filter>Source Files</Filter>
    </ClInclude>
    <ClInclude Include="..\include\mdf\isamplereduction.h">
      <Filter>Header Files</Filter>
    </ClInclude>
    <ClInclude Include="src\readcache.h">
      <Filter>Source Files</Filter>
    </ClInclude>
    <ClInclude Include="src\cgrange.h">
      <Filter>Header Files</Filter>
    </ClInclude>
    <ClInclude Include="src\dgrange.h">
      <Filter>Header Files</Filter>
    </ClInclude>
    <ClInclude Include="src\mdfconverter.h">
      <Filter>Source Files</Filter>
    </ClInclude>
    <ClInclude Include="src\mdf3timestamp.h">
      <Filter>Header Files</Filter>
    </ClInclude>
    <ClInclude Include="..\include\mdf\linmessage.h">
      <Filter>Header Files</Filter>
    </ClInclude>
    <ClInclude Include="..\include\mdf\ethmessage.h">
      <Filter>Header Files</Filter>
    </ClInclude>
    <ClInclude Include="src\ethconfigadapter.h">
      <Filter>Header Files</Filter>
    </ClInclude>
    <ClInclude Include="src\convertersamplequeue.h">
      <Filter>Source Files</Filter>
    </ClInclude>
    <ClInclude Include="src\samplequeue.h">
      <Filter>Source Files</Filter>
    </ClInclude>
    <ClInclude Include="src\writer4samplequeue.h">
      <Filter>Source Files</Filter>
    </ClInclude>
    <ClInclude Include="src\writecache.h">
      <Filter>Source Files</Filter>
    </ClInclude>
    <ClInclude Include="..\include\mdf\atcomment.h">
      <Filter>Header Files</Filter>
    </ClInclude>
    <ClInclude Include="..\include\mdf\cccomment.h">
      <Filter>Header Files</Filter>
    </ClInclude>
    <ClInclude Include="..\include\mdf\ccunit.h">
      <Filter>Header Files</Filter>
    </ClInclude>
    <ClInclude Include="..\include\mdf\cgcomment.h">
      <Filter>Header Files</Filter>
    </ClInclude>
    <ClInclude Include="..\include\mdf\chcomment.h">
      <Filter>Header Files</Filter>
    </ClInclude>
    <ClInclude Include="..\include\mdf\cncomment.h">
      <Filter>Header Files</Filter>
    </ClInclude>
    <ClInclude Include="..\include\mdf\cnunit.h">
      <Filter>Header Files</Filter>
    </ClInclude>
    <ClInclude Include="..\include\mdf\dgcomment.h">
      <Filter>Header Files</Filter>
    </ClInclude>
    <ClInclude Include="..\include\mdf\evcomment.h">
      <Filter>Header Files</Filter>
    </ClInclude>
    <ClInclude Include="..\include\mdf\fhcomment.h">
      <Filter>Header Files</Filter>
    </ClInclude>
    <ClInclude Include="..\include\mdf\hdcomment.h">
      <Filter>Header Files</Filter>
    </ClInclude>
    <ClInclude Include="..\include\mdf\hoadmindata.h">
      <Filter>Header Files</Filter>
    </ClInclude>
    <ClInclude Include="..\include\mdf\hocompumethod.h">
      <Filter>Header Files</Filter>
    </ClInclude>
    <ClInclude Include="..\include\mdf\hocompuscale.h">
      <Filter>Header Files</Filter>
    </ClInclude>
    <ClInclude Include="..\include\mdf\hoenumerates.h">
      <Filter>Header Files</Filter>
    </ClInclude>
    <ClInclude Include="..\include\mdf\hointerval.h">
      <Filter>Header Files</Filter>
    </ClInclude>
    <ClInclude Include="..\include\mdf\honamedetails.h">
      <Filter>Header Files</Filter>
    </ClInclude>
    <ClInclude Include="..\include\mdf\hophysicaldimension.h">
      <Filter>Header Files</Filter>
    </ClInclude>
    <ClInclude Include="..\include\mdf\horevision.h">
      <Filter>Header Files</Filter>
    </ClInclude>
    <ClInclude Include="..\include\mdf\hoscaleconstraint.h">
      <Filter>Header Files</Filter>
    </ClInclude>
    <ClInclude Include="..\include\mdf\hounit.h">
      <Filter>Header Files</Filter>
    </ClInclude>
    <ClInclude Include="..\include\mdf\hounitgroup.h">
      <Filter>Header Files</Filter>
    </ClInclude>
    <ClInclude Include="..\include\mdf\hounitspecification.h">
      <Filter>Header Files</Filter>
    </ClInclude>
    <ClInclude Include="..\include\mdf\mdalternativename.h">
      <Filter>Header Files</Filter>
    </ClInclude>
    <ClInclude Include="..\include\mdf\mdcomment.h">
      <Filter>Header Files</Filter>
    </ClInclude>
    <ClInclude Include="..\include\mdf\mdenumerate.h">
      <Filter>Header Files</Filter>
    </ClInclude>
    <ClInclude Include="..\include\mdf\mdextension.h">
      <Filter>Header Files</Filter>
    </ClInclude>
    <ClInclude Include="..\include\mdf\mdformula.h">
      <Filter>Header Files</Filter>
    </ClInclude>
    <ClInclude Include="..\include\mdf\mdlist.h">
      <Filter>Header Files</Filter>
    </ClInclude>
    <ClInclude Include="..\include\mdf\mdnumber.h">
      <Filter>Header Files</Filter>
    </ClInclude>
    <ClInclude Include="..\include\mdf\mdproperty.h">
      <Filter>Header Files</Filter>
    </ClInclude>
    <ClInclude Include="..\include\mdf\mdstandardattribute.h">
      <Filter>Header Files</Filter>
    </ClInclude>
    <ClInclude Include="..\include\mdf\mdstring.h">
      <Filter>Header Files</Filter>
    </ClInclude>
    <ClInclude Include="..\include\mdf\mdsyntax.h">
      <Filter>Header Files</Filter>
    </ClInclude>
    <ClInclude Include="..\include\mdf\mdvariable.h">
      <Filter>Header Files</Filter>
    </ClInclude>
    <ClInclude Include="..\include\mdf\sicomment.h">
      <Filter>Header Files</Filter>
    </ClInclude>
    <ClInclude Include="..\include\mdf\canconfigadapter.h">
      <Filter>Header Files</Filter>
    </ClInclude>
    <ClInclude Include="..\include\mdf\ethconfigadapter.h">
      <Filter>Header Files</Filter>
    </ClInclude>
    <ClInclude Include="..\include\mdf\iconfigadapter.h">
      <Filter>Header Files</Filter>
    </ClInclude>
    <ClInclude Include="..\include\mdf\linconfigadapter.h">
      <Filter>Header Files</Filter>
    </ClInclude>
    <ClInclude Include="..\include\mdf\mdfenumerates.h">
      <Filter>Header Files</Filter>
    </ClInclude>
    <ClInclude Include="..\include\mdf\mostconfigadapter.h">
      <Filter>Header Files</Filter>
    </ClInclude>
    <ClInclude Include="..\include\mdf\mostmessage.h">
      <Filter>Header Files</Filter>
    </ClInclude>
    <ClInclude Include="..\include\mdf\flexrayconfigadapter.h">
      <Filter>Header Files</Filter>
    </ClInclude>
    <ClInclude Include="..\include\mdf\flexraymessage.h">
      <Filter>Header Files</Filter>
    </ClInclude>
    <ClInclude Include="..\include\mdf\canbusobserver.h">
      <Filter>Header Files</Filter>
    </ClInclude>
    <ClInclude Include="..\include\mdf\imdftimestamp.h">
      <Filter>Header Files</Filter>
    </ClInclude>
  </ItemGroup>
</Project>