
Microsoft Visual Studio Solution File, Format Version 12.00
# Visual Studio Version 17
VisualStudioVersion = 17.6.33829.357
MinimumVisualStudioVersion = 10.0.40219.1
Project("{9A19103F-16F7-4668-BE54-9A1E7A4F7556}") = "mdflibrary_test", "mdflibrary_test_net\mdflibrary_test.csproj", "{C3DE21C3-EDB7-4D49-AEA0-6EF79DB5634C}"
EndProject
Project("{8BC9CEB8-8B4A-11D0-8D11-00A0C91BC942}") = "mdflibrary", "mdflibrary\mdflibrary.vcxproj", "{B4BBB914-C5F3-4893-B4FF-3138BCF6782B}"
EndProject
Project("{8BC9CEB8-8B4A-11D0-8D11-00A0C91BC942}") = "mdflib", "mdflib\mdflib.vcxproj", "{4EA4C08D-2555-493B-B3B6-0E26381D0A09}"
EndProject
Project("{FAE04EC0-301F-11D3-BF4B-00C04F79EFBC}") = "mdf_xunit_test", "mdf_xunit_test\mdf_xunit_test.csproj", "{8D7F6C4A-31A8-4071-B110-E87FFAE921FF}"
EndProject
Global
	GlobalSection(SolutionConfigurationPlatforms) = preSolution
		Debug|Any CPU = Debug|Any CPU
		Debug|x64 = Debug|x64
		Debug|x86 = Debug|x86
		Release|Any CPU = Release|Any CPU
		Release|x64 = Release|x64
		Release|x86 = Release|x86
	EndGlobalSection
	GlobalSection(ProjectConfigurationPlatforms) = postSolution
		{C3DE21C3-EDB7-4D49-AEA0-6EF79DB5634C}.Debug|Any CPU.ActiveCfg = Debug|Any CPU
		{C3DE21C3-EDB7-4D49-AEA0-6EF79DB5634C}.Debug|Any CPU.Build.0 = Debug|Any CPU
		{C3DE21C3-EDB7-4D49-AEA0-6EF79DB5634C}.Debug|x64.ActiveCfg = Debug|x64
		{C3DE21C3-EDB7-4D49-AEA0-6EF79DB5634C}.Debug|x64.Build.0 = Debug|x64
		{C3DE21C3-EDB7-4D49-AEA0-6EF79DB5634C}.Debug|x86.ActiveCfg = Debug|Any CPU
		{C3DE21C3-EDB7-4D49-AEA0-6EF79DB5634C}.Debug|x86.Build.0 = Debug|Any CPU
		{C3DE21C3-EDB7-4D49-AEA0-6EF79DB5634C}.Release|Any CPU.ActiveCfg = Release|Any CPU
		{C3DE21C3-EDB7-4D49-AEA0-6EF79DB5634C}.Release|Any CPU.Build.0 = Release|Any CPU
		{C3DE21C3-EDB7-4D49-AEA0-6EF79DB5634C}.Release|x64.ActiveCfg = Release|x64
		{C3DE21C3-EDB7-4D49-AEA0-6EF79DB5634C}.Release|x64.Build.0 = Release|x64
		{C3DE21C3-EDB7-4D49-AEA0-6EF79DB5634C}.Release|x86.ActiveCfg = Release|Any CPU
		{C3DE21C3-EDB7-4D49-AEA0-6EF79DB5634C}.Release|x86.Build.0 = Release|Any CPU
		{B4BBB914-C5F3-4893-B4FF-3138BCF6782B}.Debug|Any CPU.ActiveCfg = Debug|x64
		{B4BBB914-C5F3-4893-B4FF-3138BCF6782B}.Debug|Any CPU.Build.0 = Debug|x64
		{B4BBB914-C5F3-4893-B4FF-3138BCF6782B}.Debug|x64.ActiveCfg = Debug|x64
		{B4BBB914-C5F3-4893-B4FF-3138BCF6782B}.Debug|x64.Build.0 = Debug|x64
		{B4BBB914-C5F3-4893-B4FF-3138BCF6782B}.Debug|x64.Deploy.0 = Debug|x64
		{B4BBB914-C5F3-4893-B4FF-3138BCF6782B}.Debug|x86.ActiveCfg = Debug|Win32
		{B4BBB914-C5F3-4893-B4FF-3138BCF6782B}.Debug|x86.Build.0 = Debug|Win32
		{B4BBB914-C5F3-4893-B4FF-3138BCF6782B}.Release|Any CPU.ActiveCfg = Release|x64
		{B4BBB914-C5F3-4893-B4FF-3138BCF6782B}.Release|Any CPU.Build.0 = Release|x64
		{B4BBB914-C5F3-4893-B4FF-3138BCF6782B}.Release|x64.ActiveCfg = Release|x64
		{B4BBB914-C5F3-4893-B4FF-3138BCF6782B}.Release|x64.Build.0 = Release|x64
		{B4BBB914-C5F3-4893-B4FF-3138BCF6782B}.Release|x86.ActiveCfg = Release|Win32
		{B4BBB914-C5F3-4893-B4FF-3138BCF6782B}.Release|x86.Build.0 = Release|Win32
		{4EA4C08D-2555-493B-B3B6-0E26381D0A09}.Debug|Any CPU.ActiveCfg = Debug|x64
		{4EA4C08D-2555-493B-B3B6-0E26381D0A09}.Debug|Any CPU.Build.0 = Debug|x64
		{4EA4C08D-2555-493B-B3B6-0E26381D0A09}.Debug|x64.ActiveCfg = Debug|x64
		{4EA4C08D-2555-493B-B3B6-0E26381D0A09}.Debug|x64.Build.0 = Debug|x64
		{4EA4C08D-2555-493B-B3B6-0E26381D0A09}.Debug|x86.ActiveCfg = Debug|Win32
		{4EA4C08D-2555-493B-B3B6-0E26381D0A09}.Debug|x86.Build.0 = Debug|Win32
		{4EA4C08D-2555-493B-B3B6-0E26381D0A09}.Release|Any CPU.ActiveCfg = Release|x64
		{4EA4C08D-2555-493B-B3B6-0E26381D0A09}.Release|Any CPU.Build.0 = Release|x64
		{4EA4C08D-2555-493B-B3B6-0E26381D0A09}.Release|x64.ActiveCfg = Release|x64
		{4EA4C08D-2555-493B-B3B6-0E26381D0A09}.Release|x64.Build.0 = Release|x64
		{4EA4C08D-2555-493B-B3B6-0E26381D0A09}.Release|x86.ActiveCfg = Release|Win32
		{4EA4C08D-2555-493B-B3B6-0E26381D0A09}.Release|x86.Build.0 = Release|Win32
		{8D7F6C4A-31A8-4071-B110-E87FFAE921FF}.Debug|Any CPU.ActiveCfg = Debug|Any CPU
		{8D7F6C4A-31A8-4071-B110-E87FFAE921FF}.Debug|Any CPU.Build.0 = Debug|Any CPU
		{8D7F6C4A-31A8-4071-B110-E87FFAE921FF}.Debug|x64.ActiveCfg = Debug|Any CPU
		{8D7F6C4A-31A8-4071-B110-E87FFAE921FF}.Debug|x64.Build.0 = Debug|Any CPU
		{8D7F6C4A-31A8-4071-B110-E87FFAE921FF}.Debug|x86.ActiveCfg = Debug|Any CPU
		{8D7F6C4A-31A8-4071-B110-E87FFAE921FF}.Debug|x86.Build.0 = Debug|Any CPU
		{8D7F6C4A-31A8-4071-B110-E87FFAE921FF}.Release|Any CPU.ActiveCfg = Release|Any CPU
		{8D7F6C4A-31A8-4071-B110-E87FFAE921FF}.Release|Any CPU.Build.0 = Release|Any CPU
		{8D7F6C4A-31A8-4071-B110-E87FFAE921FF}.Release|x64.ActiveCfg = Release|Any CPU
		{8D7F6C4A-31A8-4071-B110-E87FFAE921FF}.Release|x64.Build.0 = Release|Any CPU
		{8D7F6C4A-31A8-4071-B110-E87FFAE921FF}.Release|x86.ActiveCfg = Release|Any CPU
		{8D7F6C4A-31A8-4071-B110-E87FFAE921FF}.Release|x86.Build.0 = Release|Any CPU
	EndGlobalSection
	GlobalSection(SolutionProperties) = preSolution
		HideSolutionNode = FALSE
	EndGlobalSection
	GlobalSection(ExtensibilityGlobals) = postSolution
		SolutionGuid = {9FA71A70-8CD3-4A0C-8C46-8F83D12D7311}
	EndGlobalSection
EndGlobal
