<?xml version="1.0" encoding="utf-8"?>
<Project ToolsVersion="4.0" xmlns="http://schemas.microsoft.com/developer/msbuild/2003">
  <ItemGroup>
    <ClCompile Include="src\AssemblyInfo.cpp">
      <Filter>Source Files</Filter>
    </ClCompile>
    <ClCompile Include="src\MdfAttachment.cpp">
      <Filter>Source Files</Filter>
    </ClCompile>
    <ClCompile Include="src\MdfChannel.cpp">
      <Filter>Source Files</Filter>
    </ClCompile>
    <ClCompile Include="src\MdfChannelArray.cpp">
      <Filter>Source Files</Filter>
    </ClCompile>
    <ClCompile Include="src\MdfChannelConversion.cpp">
      <Filter>Source Files</Filter>
    </ClCompile>
    <ClCompile Include="src\MdfChannelGroup.cpp">
      <Filter>Source Files</Filter>
    </ClCompile>
    <ClCompile Include="src\MdfChannelObserver.cpp">
      <Filter>Source Files</Filter>
    </ClCompile>
    <ClCompile Include="src\MdfDataGroup.cpp">
      <Filter>Source Files</Filter>
    </ClCompile>
    <ClCompile Include="src\MdfETag.cpp">
      <Filter>Source Files</Filter>
    </ClCompile>
    <ClCompile Include="src\MdfEvent.cpp">
      <Filter>Source Files</Filter>
    </ClCompile>
    <ClCompile Include="src\MdfFile.cpp">
      <Filter>Source Files</Filter>
    </ClCompile>
    <ClCompile Include="src\MdfFileHistory.cpp">
      <Filter>Source Files</Filter>
    </ClCompile>
    <ClCompile Include="src\MdfHeader.cpp">
      <Filter>Source Files</Filter>
    </ClCompile>
    <ClCompile Include="src\mdflibrary.cpp">
      <Filter>Source Files</Filter>
    </ClCompile>
    <ClCompile Include="src\MdfMetaData.cpp">
      <Filter>Source Files</Filter>
    </ClCompile>
    <ClCompile Include="src\MdfReader.cpp">
      <Filter>Source Files</Filter>
    </ClCompile>
    <ClCompile Include="src\MdfSourceInformation.cpp">
      <Filter>Source Files</Filter>
    </ClCompile>
    <ClCompile Include="src\MdfWriter.cpp">
      <Filter>Source Files</Filter>
    </ClCompile>
    <ClCompile Include="src\CanMessage.cpp">
      <Filter>Source Files</Filter>
    </ClCompile>
    <ClCompile Include="src\MdfTimestamp.cpp">
      <Filter>Source Files</Filter>
    </ClCompile>
    <ClCompile Include="src\MdfFileTimestamp.cpp">
      <Filter>Source Files</Filter>
    </ClCompile>
    <ClCompile Include="src\MdfNetHelper.cpp">
      <Filter>Source Files</Filter>
    </ClCompile>
  </ItemGroup>
  <ItemGroup>
    <Filter Include="Header Files">
      <UniqueIdentifier>{c68f2997-efa2-4cf0-b3a1-f02bc58fe116}</UniqueIdentifier>
    </Filter>
    <Filter Include="Source Files">
      <UniqueIdentifier>{63554722-24e6-451d-a684-a26ea73012d1}</UniqueIdentifier>
    </Filter>
    <Filter Include="Resource Files">
      <UniqueIdentifier>{378f55bb-ccb4-43b0-b961-82541a8c48de}</UniqueIdentifier>
    </Filter>
  </ItemGroup>
  <ItemGroup>
    <ClInclude Include="src\MdfWriter.h">
      <Filter>Header Files</Filter>
    </ClInclude>
    <ClInclude Include="src\CanMessage.h">
      <Filter>Header Files</Filter>
    </ClInclude>
    <ClInclude Include="src\MdfAttachment.h">
      <Filter>Header Files</Filter>
    </ClInclude>
    <ClInclude Include="src\MdfChannel.h">
      <Filter>Header Files</Filter>
    </ClInclude>
    <ClInclude Include="src\MdfChannelArray.h">
      <Filter>Header Files</Filter>
    </ClInclude>
    <ClInclude Include="src\MdfChannelConversion.h">
      <Filter>Header Files</Filter>
    </ClInclude>
    <ClInclude Include="src\MdfChannelGroup.h">
      <Filter>Header Files</Filter>
    </ClInclude>
    <ClInclude Include="src\MdfChannelObserver.h">
      <Filter>Header Files</Filter>
    </ClInclude>
    <ClInclude Include="src\MdfDataGroup.h">
      <Filter>Header Files</Filter>
    </ClInclude>
    <ClInclude Include="src\MdfETag.h">
      <Filter>Header Files</Filter>
    </ClInclude>
    <ClInclude Include="src\MdfEvent.h">
      <Filter>Header Files</Filter>
    </ClInclude>
    <ClInclude Include="src\MdfFile.h">
      <Filter>Header Files</Filter>
    </ClInclude>
    <ClInclude Include="src\MdfFileHistory.h">
      <Filter>Header Files</Filter>
    </ClInclude>
    <ClInclude Include="src\MdfHeader.h">
      <Filter>Header Files</Filter>
    </ClInclude>
    <ClInclude Include="src\mdflibrary.h">
      <Filter>Header Files</Filter>
    </ClInclude>
    <ClInclude Include="src\MdfMetaData.h">
      <Filter>Header Files</Filter>
    </ClInclude>
    <ClInclude Include="src\MdfReader.h">
      <Filter>Header Files</Filter>
    </ClInclude>
    <ClInclude Include="src\MdfSourceInformation.h">
      <Filter>Header Files</Filter>
    </ClInclude>
    <ClInclude Include="src\MdfFileTimestamp.h">
      <Filter>Header Files</Filter>
    </ClInclude>
    <ClInclude Include="src\MdfTimestamp.h">
      <Filter>Header Files</Filter>
    </ClInclude>
    <ClInclude Include="src\MdfNetHelper.h" >
      <Filter>Header Files</Filter>
    </ClInclude>
  </ItemGroup>
</Project>